{
  "name": "kinde-angular",
  "version": "0.0.2",
  "lockfileVersion": 3,
  "requires": true,
  "packages": {
    "": {
      "name": "kinde-angular",
      "version": "0.0.2",
      "license": "MIT",
      "dependencies": {
        "es-cookie": "^1.4.0",
        "tslib": "^2.3.0"
      },
      "peerDependencies": {
        "@angular/common": "^17.0.0",
        "@angular/core": "^17.0.0",
        "@kinde-oss/kinde-typescript-sdk": "^2.4.0"
      }
    },
    "node_modules/@angular/common": {
      "version": "17.0.7",
      "resolved": "https://registry.npmjs.org/@angular/common/-/common-17.0.7.tgz",
      "integrity": "sha512-bPPL6x0KOAOTxKSE2j4EWmEUOnqZYzOYiHzroa5b9UEyA9NvGkd9bm3zIxw8xcndRj1Ehcmvpi6KBLcYBBbWfg==",
      "peer": true,
      "dependencies": {
        "tslib": "^2.3.0"
      },
      "engines": {
        "node": "^18.13.0 || >=20.9.0"
      },
      "peerDependencies": {
        "@angular/core": "17.0.7",
        "rxjs": "^6.5.3 || ^7.4.0"
      }
    },
    "node_modules/@angular/core": {
      "version": "17.0.7",
      "resolved": "https://registry.npmjs.org/@angular/core/-/core-17.0.7.tgz",
      "integrity": "sha512-mEkelXkzEi6+A9GjdKOSGGzQAfo1iAjVTn6YsplNUeGE5JgDZYZ7sXGQqs0Lin7dzJxnPAgGjCOl7SpWLXIPSQ==",
      "peer": true,
      "dependencies": {
        "tslib": "^2.3.0"
      },
      "engines": {
        "node": "^18.13.0 || >=20.9.0"
      },
      "peerDependencies": {
        "rxjs": "^6.5.3 || ^7.4.0",
        "zone.js": "~0.14.0"
      }
    },
    "node_modules/@kinde-oss/kinde-typescript-sdk": {
      "version": "2.4.0",
      "resolved": "https://registry.npmjs.org/@kinde-oss/kinde-typescript-sdk/-/kinde-typescript-sdk-2.4.0.tgz",
      "integrity": "sha512-+8g6sB0Cm8amLgSdvDQwN0QbWq3T+3mnRuCtGbNOr2bfKxPR9vYA+gKROJqFUWx+r3RVtklcubbAuw+pFhObkQ==",
      "peer": true,
      "dependencies": {
        "jwt-decode": "^4.0.0",
        "uncrypto": "^0.1.3"
      }
    },
    "node_modules/es-cookie": {
      "version": "1.4.0",
      "resolved": "https://registry.npmjs.org/es-cookie/-/es-cookie-1.4.0.tgz",
      "integrity": "sha512-V4bHxyGBmwwiV+CKTLUPLmwhcutTxGEC5n4HWaUDSnTvkNvfIjkMw8qIVTVgPeNCWojgR5IUzFnGenNvCoKQ5A=="
    },
    "node_modules/jwt-decode": {
      "version": "4.0.0",
      "resolved": "https://registry.npmjs.org/jwt-decode/-/jwt-decode-4.0.0.tgz",
      "integrity": "sha512-+KJGIyHgkGuIq3IEBNftfhW/LfWhXUIY6OmyVWjliu5KH1y0fw7VQ8YndE2O4qZdMSd9SqbnC8GOcZEy0Om7sA==",
      "peer": true,
      "engines": {
        "node": ">=18"
      }
    },
    "node_modules/rxjs": {
      "version": "7.8.1",
      "resolved": "https://registry.npmjs.org/rxjs/-/rxjs-7.8.1.tgz",
      "integrity": "sha512-AA3TVj+0A2iuIoQkWEK/tqFjBq2j+6PO6Y0zJcvzLAFhEFIO3HL0vls9hWLncZbAAbK0mar7oZ4V079I/qPMxg==",
      "peer": true,
      "dependencies": {
        "tslib": "^2.1.0"
      }
    },
    "node_modules/tslib": {
      "version": "2.6.2",
      "resolved": "https://registry.npmjs.org/tslib/-/tslib-2.6.2.tgz",
      "integrity": "sha512-AEYxH93jGFPn/a2iVAwW87VuUIkR1FVUKB77NwMF7nBTDkDrrT/Hpt/IrCJ0QXhW27jTBDcf5ZY7w6RiqTMw2Q=="
    },
    "node_modules/uncrypto": {
      "version": "0.1.3",
      "resolved": "https://registry.npmjs.org/uncrypto/-/uncrypto-0.1.3.tgz",
      "integrity": "sha512-Ql87qFHB3s/De2ClA9e0gsnS6zXG27SkTiSJwjCc9MebbfapQfuPzumMIUMi38ezPZVNFcHI9sUIepeQfw8J8Q==",
      "peer": true
    },
    "node_modules/zone.js": {
      "version": "0.14.2",
      "resolved": "https://registry.npmjs.org/zone.js/-/zone.js-0.14.2.tgz",
      "integrity": "sha512-X4U7J1isDhoOmHmFWiLhloWc2lzMkdnumtfQ1LXzf/IOZp5NQYuMUTaviVzG/q1ugMBIXzin2AqeVJUoSEkNyQ==",
      "peer": true,
      "dependencies": {
        "tslib": "^2.3.0"
      }
    }
  }
}
